<?xml version="1.0" encoding="utf-8"?>
<Project ToolsVersion="4.0" xmlns="http://schemas.microsoft.com/developer/msbuild/2003">
  <ItemGroup>
    <Filter Include="Source Files">
      <UniqueIdentifier>{4FC737F1-C7A5-4376-A066-2A32D752A2FF}</UniqueIdentifier>
      <Extensions>cpp;c;cc;cxx;def;odl;idl;hpj;bat;asm;asmx</Extensions>
    </Filter>
    <Filter Include="Header Files">
      <UniqueIdentifier>{93995380-89BD-4b04-88EB-625FBE52EBFB}</UniqueIdentifier>
      <Extensions>h;hh;hpp;hxx;hm;inl;inc;xsd</Extensions>
    </Filter>
    <Filter Include="Resource Files">
      <UniqueIdentifier>{67DA6AB6-F800-4c08-8B7A-83BB121AAD01}</UniqueIdentifier>
      <Extensions>rc;ico;cur;bmp;dlg;rc2;rct;bin;rgs;gif;jpg;jpeg;jpe;resx;tiff;tif;png;wav;mfcribbon-ms</Extensions>
    </Filter>
  </ItemGroup>
  <ItemGroup>
    <ClCompile Include="App1.cpp">
      <Filter>Source Files</Filter>
    </ClCompile>
    <ClCompile Include="Main.cpp">
      <Filter>Source Files</Filter>
    </ClCompile>
    <ClCompile Include="DepthShader.cpp">
      <Filter>Source Files</Filter>
    </ClCompile>
    <ClCompile Include="TextureShader.cpp">
      <Filter>Source Files</Filter>
    </ClCompile>
    <ClCompile Include="ManipulationShader.cpp">
      <Filter>Source Files</Filter>
    </ClCompile>
    <ClCompile Include="DeformationMap.cpp">
      <Filter>Source Files</Filter>
    </ClCompile>
    <ClCompile Include="DepthCamera.cpp">
      <Filter>Source Files</Filter>
    </ClCompile>
    <ClCompile Include="ComputeShader.cpp">
      <Filter>Source Files</Filter>
    </ClCompile>
    <ClCompile Include="WriteComputeShader.cpp">
      <Filter>Source Files</Filter>
    </ClCompile>
    <ClCompile Include="GPUProfiler.cpp">
      <Filter>Source Files</Filter>
    </ClCompile>
    <ClCompile Include="VolumePreservationTestShader.cpp">
      <Filter>Source Files</Filter>
    </ClCompile>
    <ClCompile Include="DisplacementShader.cpp">
      <Filter>Source Files</Filter>
    </ClCompile>
    <ClCompile Include="PenetrationShader.cpp">
      <Filter>Source Files</Filter>
    </ClCompile>
    <ClCompile Include="JumpFloodingShader.cpp">
      <Filter>Source Files</Filter>
    </ClCompile>
    <ClCompile Include="PongJumpFloodShader.cpp">
      <Filter>Source Files</Filter>
    </ClCompile>
    <ClCompile Include="JumpFloodInitializer.cpp">
      <Filter>Source Files</Filter>
    </ClCompile>
    <ClCompile Include="VolumePreservationShader.cpp">
      <Filter>Source Files</Filter>
    </ClCompile>
    <ClCompile Include="NormalMapShader.cpp">
      <Filter>Source Files</Filter>
    </ClCompile>
    <ClCompile Include="VolumePreservationPongShader.cpp">
      <Filter>Source Files</Filter>
    </ClCompile>
    <ClCompile Include="DisplacementMethodBShader.cpp">
      <Filter>Source Files</Filter>
    </ClCompile>
  </ItemGroup>
  <ItemGroup>
    <ClInclude Include="App1.h">
      <Filter>Header Files</Filter>
    </ClInclude>
    <ClInclude Include="DepthShader.h">
      <Filter>Header Files</Filter>
    </ClInclude>
    <ClInclude Include="TextureShader.h">
      <Filter>Header Files</Filter>
    </ClInclude>
    <ClInclude Include="ManipulationShader.h">
      <Filter>Header Files</Filter>
    </ClInclude>
    <ClInclude Include="DeformationMap.h">
      <Filter>Header Files</Filter>
    </ClInclude>
    <ClInclude Include="DepthCamera.h">
      <Filter>Header Files</Filter>
    </ClInclude>
    <ClInclude Include="ComputeShader.h">
      <Filter>Header Files</Filter>
    </ClInclude>
    <ClInclude Include="WriteComputeShader.h">
      <Filter>Header Files</Filter>
    </ClInclude>
    <ClInclude Include="GPUProfiler.h">
      <Filter>Header Files</Filter>
    </ClInclude>
    <ClInclude Include="VolumePreservationTestShader.h">
      <Filter>Header Files</Filter>
    </ClInclude>
    <ClInclude Include="DisplacementShader.h">
      <Filter>Header Files</Filter>
    </ClInclude>
    <ClInclude Include="PenetrationShader.h">
      <Filter>Header Files</Filter>
    </ClInclude>
    <ClInclude Include="JumpFloodingShader.h">
      <Filter>Header Files</Filter>
    </ClInclude>
    <ClInclude Include="PongJumpFloodShader.h">
      <Filter>Header Files</Filter>
    </ClInclude>
    <ClInclude Include="JumpFloodInitializer.h">
      <Filter>Header Files</Filter>
    </ClInclude>
    <ClInclude Include="VolumePreservationShader.h">
      <Filter>Header Files</Filter>
    </ClInclude>
    <ClInclude Include="NormalMapShader.h">
      <Filter>Header Files</Filter>
    </ClInclude>
    <ClInclude Include="VolumePreservationPongShader.h">
      <Filter>Header Files</Filter>
    </ClInclude>
    <ClInclude Include="DisplacementMethodBShader.h">
      <Filter>Header Files</Filter>
    </ClInclude>
  </ItemGroup>
  <ItemGroup>
    <FxCompile Include="shaders\texture_ps.hlsl">
      <Filter>Resource Files</Filter>
    </FxCompile>
    <FxCompile Include="shaders\texture_vs.hlsl">
      <Filter>Resource Files</Filter>
    </FxCompile>
    <FxCompile Include="manipulation_vs.hlsl">
      <Filter>Resource Files</Filter>
    </FxCompile>
    <FxCompile Include="manipulation_ps.hlsl">
      <Filter>Resource Files</Filter>
    </FxCompile>
    <FxCompile Include="compute_cs.hlsl">
      <Filter>Resource Files</Filter>
    </FxCompile>
    <FxCompile Include="write_compute_cs.hlsl">
      <Filter>Resource Files</Filter>
    </FxCompile>
    <FxCompile Include="volumePreservationTest_cs.hlsl">
      <Filter>Resource Files</Filter>
    </FxCompile>
    <FxCompile Include="displacement_cs.hlsl">
      <Filter>Resource Files</Filter>
    </FxCompile>
    <FxCompile Include="penetration_cs.hlsl">
      <Filter>Resource Files</Filter>
    </FxCompile>
    <FxCompile Include="jumpFlooding_cs.hlsl">
      <Filter>Resource Files</Filter>
    </FxCompile>
    <FxCompile Include="jumpFloodingPong_cs.hlsl">
      <Filter>Resource Files</Filter>
    </FxCompile>
    <FxCompile Include="initJumpFlood_cs.hlsl">
      <Filter>Resource Files</Filter>
    </FxCompile>
    <FxCompile Include="volumePreservation_cs.hlsl">
      <Filter>Resource Files</Filter>
    </FxCompile>
    <FxCompile Include="normalMapGenerator_cs.hlsl">
      <Filter>Resource Files</Filter>
    </FxCompile>
    <FxCompile Include="volumePreservationPong_cs.hlsl">
      <Filter>Resource Files</Filter>
    </FxCompile>
    <FxCompile Include="displacementMethodB_cs.hlsl">
      <Filter>Resource Files</Filter>
    </FxCompile>
  </ItemGroup>
</Project>